dependencies:
  chmorgan__esp-audio-player:
    component_hash: null
    source:
      path: E:\AllCodes\ESP32-S3-Touch-LCD-2.8-Test_GVC\components\chmorgan__esp-audio-player
      type: local
    version: 1.0.7
  chmorgan__esp-libhelix-mp3:
    component_hash: null
    source:
      path: E:\AllCodes\ESP32-S3-Touch-LCD-2.8-Test_GVC\components\chmorgan__esp-libhelix-mp3
      type: local
    version: 1.0.3
  idf:
    component_hash: null
    source:
      type: idf
    version: 5.2.1
  lvgl__lvgl:
    component_hash: null
    source:
      path: E:\AllCodes\ESP32-S3-Touch-LCD-2.8-Test_GVC\components\lvgl__lvgl
      type: local
    version: 8.3.11
manifest_hash: 29136edbb14e17eecf75c43a6fef7940d7937d31eaa96d7fda82c97d6a05a719
target: esp32s3
version: 1.0.0
